
Microsoft Visual Studio Solution File, Format Version 12.00
Project("{FAE04EC0-301F-11D3-BF4B-00C04F79EFBC}") = "webapi", "webapi\webapi.csproj", "{1C2AD8CA-24B0-4FDD-9E64-774A082F2AF6}"
EndProject
Global
	GlobalSection(SolutionConfigurationPlatforms) = preSolution
		Debug|Any CPU = Debug|Any CPU
		Release|Any CPU = Release|Any CPU
	EndGlobalSection
	GlobalSection(ProjectConfigurationPlatforms) = postSolution
		{1C2AD8CA-24B0-4FDD-9E64-774A082F2AF6}.Debug|Any CPU.ActiveCfg = Debug|Any CPU
		{1C2AD8CA-24B0-4FDD-9E64-774A082F2AF6}.Debug|Any CPU.Build.0 = Debug|Any CPU
		{1C2AD8CA-24B0-4FDD-9E64-774A082F2AF6}.Release|Any CPU.ActiveCfg = Release|Any CPU
		{1C2AD8CA-24B0-4FDD-9E64-774A082F2AF6}.Release|Any CPU.Build.0 = Release|Any CPU
	EndGlobalSection
EndGlobal
